# THIS IS AN AUTOGENERATED FILE. DO NOT EDIT THIS FILE DIRECTLY.
# yarn lockfile v1


"@remix-run/router@1.6.2":
  version "1.6.2"
  resolved "https://registry.yarnpkg.com/@remix-run/router/-/router-1.6.2.tgz#bbe75f8c59e0b7077584920ce2cc76f8f354934d"
  integrity sha512-LzqpSrMK/3JBAVBI9u3NWtOhWNw5AMQfrUFYB0+bDHTSw17z++WJLsPsxAuK+oSddsxk4d7F/JcdDPM1M5YAhA==

react-router-dom@^6.11.2:
  version "6.11.2"
  resolved "https://registry.yarnpkg.com/react-router-dom/-/react-router-dom-6.11.2.tgz#324d55750ffe2ecd54ca4ec6b7bc7ab01741f170"
  integrity sha512-JNbKtAeh1VSJQnH6RvBDNhxNwemRj7KxCzc5jb7zvDSKRnPWIFj9pO+eXqjM69gQJ0r46hSz1x4l9y0651DKWw==
  dependencies:
    "@remix-run/router" "1.6.2"
    react-router "6.11.2"

react-router@6.11.2:
  version "6.11.2"
  resolved "https://registry.yarnpkg.com/react-router/-/react-router-6.11.2.tgz#006301c4da1a173d7ad76b7ecd2da01b9dd3837a"
  integrity sha512-74z9xUSaSX07t3LM+pS6Un0T55ibUE/79CzfZpy5wsPDZaea1F8QkrsiyRnA2YQ7LwE/umaydzXZV80iDCPkMg==
  dependencies:
    "@remix-run/router" "1.6.2"
